
Microsoft Visual Studio Solution File, Format Version 12.00
# Visual Studio Version 17
VisualStudioVersion = 17.14.36623.8 d17.14
MinimumVisualStudioVersion = 10.0.40219.1
Project("{FAE04EC0-301F-11D3-BF4B-00C04F79EFBC}") = "ecommerce_api", "ecommerce_api\ecommerce_api.csproj", "{6101D1E6-D626-4A77-B35A-3A5D1C6357F4}"
EndProject
Global
	GlobalSection(SolutionConfigurationPlatforms) = preSolution
		Debug|Any CPU = Debug|Any CPU
		Release|Any CPU = Release|Any CPU
	EndGlobalSection
	GlobalSection(ProjectConfigurationPlatforms) = postSolution
		{6101D1E6-D626-4A77-B35A-3A5D1C6357F4}.Debug|Any CPU.ActiveCfg = Debug|Any CPU
		{6101D1E6-D626-4A77-B35A-3A5D1C6357F4}.Debug|Any CPU.Build.0 = Debug|Any CPU
		{6101D1E6-D626-4A77-B35A-3A5D1C6357F4}.Release|Any CPU.ActiveCfg = Release|Any CPU
		{6101D1E6-D626-4A77-B35A-3A5D1C6357F4}.Release|Any CPU.Build.0 = Release|Any CPU
	EndGlobalSection
	GlobalSection(SolutionProperties) = preSolution
		HideSolutionNode = FALSE
	EndGlobalSection
	GlobalSection(ExtensibilityGlobals) = postSolution
		SolutionGuid = {08982AF0-DCDF-4EB0-A818-643016225B8A}
	EndGlobalSection
EndGlobal
